
Microsoft Visual Studio Solution File, Format Version 12.00
# Visual Studio Version 17
VisualStudioVersion = 17.8.34330.188
MinimumVisualStudioVersion = 10.0.40219.1
Project("{2150E333-8FDC-42A3-9474-1A3956D46DE8}") = "Services", "Services", "{9CD11D1B-FED4-40E4-83CC-619BA8E63A67}"
EndProject
Project("{2150E333-8FDC-42A3-9474-1A3956D46DE8}") = "Catalog", "Catalog", "{936CC53B-D33D-4AE1-85BB-8F088D08B463}"
EndProject
Project("{FAE04EC0-301F-11D3-BF4B-00C04F79EFBC}") = "Catalog.API", "Services\Catalog\Catalog.API\Catalog.API.csproj", "{BC293A0D-8BCA-4D41-8E67-D3783DB22E95}"
EndProject
Global
	GlobalSection(SolutionConfigurationPlatforms) = preSolution
		Debug|Any CPU = Debug|Any CPU
		Release|Any CPU = Release|Any CPU
	EndGlobalSection
	GlobalSection(ProjectConfigurationPlatforms) = postSolution
		{BC293A0D-8BCA-4D41-8E67-D3783DB22E95}.Debug|Any CPU.ActiveCfg = Debug|Any CPU
		{BC293A0D-8BCA-4D41-8E67-D3783DB22E95}.Debug|Any CPU.Build.0 = Debug|Any CPU
		{BC293A0D-8BCA-4D41-8E67-D3783DB22E95}.Release|Any CPU.ActiveCfg = Release|Any CPU
		{BC293A0D-8BCA-4D41-8E67-D3783DB22E95}.Release|Any CPU.Build.0 = Release|Any CPU
	EndGlobalSection
	GlobalSection(SolutionProperties) = preSolution
		HideSolutionNode = FALSE
	EndGlobalSection
	GlobalSection(NestedProjects) = preSolution
		{936CC53B-D33D-4AE1-85BB-8F088D08B463} = {9CD11D1B-FED4-40E4-83CC-619BA8E63A67}
		{BC293A0D-8BCA-4D41-8E67-D3783DB22E95} = {936CC53B-D33D-4AE1-85BB-8F088D08B463}
	EndGlobalSection
	GlobalSection(ExtensibilityGlobals) = postSolution
		SolutionGuid = {0BF54DF4-DEDD-423C-BA7F-565136CDC18E}
	EndGlobalSection
EndGlobal
